
Microsoft Visual Studio Solution File, Format Version 12.00
# Visual Studio Version 17
VisualStudioVersion = 17.5.33530.505
MinimumVisualStudioVersion = 10.0.40219.1
Project("{2150E333-8FDC-42A3-9474-1A3956D46DE8}") = "Library", "Library", "{8B026D5A-1DEC-4573-AF57-DD855F7CC2BD}"
EndProject
Project("{9A19103F-16F7-4668-BE54-9A1E7A4F7556}") = "LeapAI.Net.SDK", "LeapAI.Net.SDK\LeapAI.Net.SDK.csproj", "{EDD8EEAD-7770-40B7-8204-36F98A3405FF}"
EndProject
Project("{2150E333-8FDC-42A3-9474-1A3956D46DE8}") = "Executable", "Executable", "{C025D586-4B58-4FB9-8593-4006D6DE4B1F}"
EndProject
Project("{FAE04EC0-301F-11D3-BF4B-00C04F79EFBC}") = "LeapAI.Net.Test", "LeapAI.Net.Test\LeapAI.Net.Test.csproj", "{B833E095-9A2D-45E3-A53B-24ACB585EB65}"
EndProject
Global
	GlobalSection(SolutionConfigurationPlatforms) = preSolution
		Debug|Any CPU = Debug|Any CPU
		Release|Any CPU = Release|Any CPU
	EndGlobalSection
	GlobalSection(ProjectConfigurationPlatforms) = postSolution
		{EDD8EEAD-7770-40B7-8204-36F98A3405FF}.Debug|Any CPU.ActiveCfg = Debug|Any CPU
		{EDD8EEAD-7770-40B7-8204-36F98A3405FF}.Debug|Any CPU.Build.0 = Debug|Any CPU
		{EDD8EEAD-7770-40B7-8204-36F98A3405FF}.Release|Any CPU.ActiveCfg = Release|Any CPU
		{EDD8EEAD-7770-40B7-8204-36F98A3405FF}.Release|Any CPU.Build.0 = Release|Any CPU
		{B833E095-9A2D-45E3-A53B-24ACB585EB65}.Debug|Any CPU.ActiveCfg = Debug|Any CPU
		{B833E095-9A2D-45E3-A53B-24ACB585EB65}.Debug|Any CPU.Build.0 = Debug|Any CPU
		{B833E095-9A2D-45E3-A53B-24ACB585EB65}.Release|Any CPU.ActiveCfg = Release|Any CPU
		{B833E095-9A2D-45E3-A53B-24ACB585EB65}.Release|Any CPU.Build.0 = Release|Any CPU
	EndGlobalSection
	GlobalSection(SolutionProperties) = preSolution
		HideSolutionNode = FALSE
	EndGlobalSection
	GlobalSection(NestedProjects) = preSolution
		{EDD8EEAD-7770-40B7-8204-36F98A3405FF} = {8B026D5A-1DEC-4573-AF57-DD855F7CC2BD}
		{B833E095-9A2D-45E3-A53B-24ACB585EB65} = {C025D586-4B58-4FB9-8593-4006D6DE4B1F}
	EndGlobalSection
	GlobalSection(ExtensibilityGlobals) = postSolution
		SolutionGuid = {6100FE09-ECF5-430A-8495-2259904BE9F4}
	EndGlobalSection
EndGlobal
